
Microsoft Visual Studio Solution File, Format Version 12.00
# Visual Studio Version 17
VisualStudioVersion = 17.6.33815.320
MinimumVisualStudioVersion = 10.0.40219.1
Project("{FAE04EC0-301F-11D3-BF4B-00C04F79EFBC}") = "StarterRPG", "StarterRPG.csproj", "{3F0B374A-C5B0-4141-A76E-44D5EB0A02FB}"
EndProject
Global
	GlobalSection(SolutionConfigurationPlatforms) = preSolution
		Debug|Any CPU = Debug|Any CPU
		Release|Any CPU = Release|Any CPU
	EndGlobalSection
	GlobalSection(ProjectConfigurationPlatforms) = postSolution
		{3F0B374A-C5B0-4141-A76E-44D5EB0A02FB}.Debug|Any CPU.ActiveCfg = Debug|Any CPU
		{3F0B374A-C5B0-4141-A76E-44D5EB0A02FB}.Debug|Any CPU.Build.0 = Debug|Any CPU
		{3F0B374A-C5B0-4141-A76E-44D5EB0A02FB}.Release|Any CPU.ActiveCfg = Release|Any CPU
		{3F0B374A-C5B0-4141-A76E-44D5EB0A02FB}.Release|Any CPU.Build.0 = Release|Any CPU
	EndGlobalSection
	GlobalSection(SolutionProperties) = preSolution
		HideSolutionNode = FALSE
	EndGlobalSection
	GlobalSection(ExtensibilityGlobals) = postSolution
		SolutionGuid = {73035345-5112-444C-BFEB-8535AACDDC8B}
	EndGlobalSection
EndGlobal
